
Microsoft Visual Studio Solution File, Format Version 12.00
# Visual Studio Version 17
VisualStudioVersion = 17.3.32825.248
MinimumVisualStudioVersion = 10.0.40219.1
Project("{FAE04EC0-301F-11D3-BF4B-00C04F79EFBC}") = "Assignment12_AlekseiPant", "Assignment12_AlekseiPant\Assignment12_AlekseiPant.csproj", "{7C0CD4BE-C68D-4EB3-81EB-563D2A6524BC}"
EndProject
Global
	GlobalSection(SolutionConfigurationPlatforms) = preSolution
		Debug|Any CPU = Debug|Any CPU
		Release|Any CPU = Release|Any CPU
	EndGlobalSection
	GlobalSection(ProjectConfigurationPlatforms) = postSolution
		{7C0CD4BE-C68D-4EB3-81EB-563D2A6524BC}.Debug|Any CPU.ActiveCfg = Debug|Any CPU
		{7C0CD4BE-C68D-4EB3-81EB-563D2A6524BC}.Debug|Any CPU.Build.0 = Debug|Any CPU
		{7C0CD4BE-C68D-4EB3-81EB-563D2A6524BC}.Release|Any CPU.ActiveCfg = Release|Any CPU
		{7C0CD4BE-C68D-4EB3-81EB-563D2A6524BC}.Release|Any CPU.Build.0 = Release|Any CPU
	EndGlobalSection
	GlobalSection(SolutionProperties) = preSolution
		HideSolutionNode = FALSE
	EndGlobalSection
	GlobalSection(ExtensibilityGlobals) = postSolution
		SolutionGuid = {F288572F-E83C-49F6-AFE9-8615A80F0F41}
	EndGlobalSection
EndGlobal
